{
  "name": "biz9-art",
  "version": "1.0.4",
  "lockfileVersion": 3,
  "requires": true,
  "packages": {
    "": {
      "name": "biz9-art",
      "version": "1.0.4",
      "license": "ISC",
      "dependencies": {
        "biz9-scriptz": "^5.2.29"
      }
    },
    "node_modules/biz9-scriptz": {
      "version": "5.2.29",
      "resolved": "https://registry.npmjs.org/biz9-scriptz/-/biz9-scriptz-5.2.29.tgz",
      "integrity": "sha512-OiJAipGmFyoP4ochITdZjcIr9BT1KBmKdm88prXB2ypfDWP7dIK09wFiD90UFNehrh8bdbN8IPF/iK5l5cSGBg=="
    }
  }
}
